
Microsoft Visual Studio Solution File, Format Version 12.00
# Visual Studio Version 16
VisualStudioVersion = 16.0.30309.148
MinimumVisualStudioVersion = 10.0.40219.1
Project("{FAE04EC0-301F-11D3-BF4B-00C04F79EFBC}") = "PhoneBook", "PhoneBook.csproj", "{F1CEFC63-CBB4-41F9-8D12-A26BF4C3875E}"
EndProject
Global
	GlobalSection(SolutionConfigurationPlatforms) = preSolution
		Debug|Any CPU = Debug|Any CPU
		Release|Any CPU = Release|Any CPU
	EndGlobalSection
	GlobalSection(ProjectConfigurationPlatforms) = postSolution
		{F1CEFC63-CBB4-41F9-8D12-A26BF4C3875E}.Debug|Any CPU.ActiveCfg = Debug|Any CPU
		{F1CEFC63-CBB4-41F9-8D12-A26BF4C3875E}.Debug|Any CPU.Build.0 = Debug|Any CPU
		{F1CEFC63-CBB4-41F9-8D12-A26BF4C3875E}.Release|Any CPU.ActiveCfg = Release|Any CPU
		{F1CEFC63-CBB4-41F9-8D12-A26BF4C3875E}.Release|Any CPU.Build.0 = Release|Any CPU
	EndGlobalSection
	GlobalSection(SolutionProperties) = preSolution
		HideSolutionNode = FALSE
	EndGlobalSection
	GlobalSection(ExtensibilityGlobals) = postSolution
		SolutionGuid = {413438C7-ECEB-4B8B-AA9B-465BC45ADCF2}
	EndGlobalSection
EndGlobal
